
Microsoft Visual Studio Solution File, Format Version 12.00
# Visual Studio Version 16
VisualStudioVersion = 16.0.31005.135
MinimumVisualStudioVersion = 10.0.40219.1
Project("{FAE04EC0-301F-11D3-BF4B-00C04F79EFBC}") = "Banqsoft- SPA-ReqruitmentTask", "Banqsoft- SPA-ReqruitmentTask\Banqsoft- SPA-ReqruitmentTask.csproj", "{D331D202-4C02-4C09-A52E-B9F436257700}"
EndProject
Global
	GlobalSection(SolutionConfigurationPlatforms) = preSolution
		Debug|Any CPU = Debug|Any CPU
		Release|Any CPU = Release|Any CPU
	EndGlobalSection
	GlobalSection(ProjectConfigurationPlatforms) = postSolution
		{D331D202-4C02-4C09-A52E-B9F436257700}.Debug|Any CPU.ActiveCfg = Debug|Any CPU
		{D331D202-4C02-4C09-A52E-B9F436257700}.Debug|Any CPU.Build.0 = Debug|Any CPU
		{D331D202-4C02-4C09-A52E-B9F436257700}.Release|Any CPU.ActiveCfg = Release|Any CPU
		{D331D202-4C02-4C09-A52E-B9F436257700}.Release|Any CPU.Build.0 = Release|Any CPU
	EndGlobalSection
	GlobalSection(SolutionProperties) = preSolution
		HideSolutionNode = FALSE
	EndGlobalSection
	GlobalSection(ExtensibilityGlobals) = postSolution
		SolutionGuid = {B674A54F-8BC0-4405-A633-7C51185AE65A}
	EndGlobalSection
EndGlobal
